# This file is automatically @generated by Cargo.
# It is not intended for manual editing.
version = 3

[[package]]
name = "aliri_braid"
version = "0.2.4"
source = "registry+https://github.com/rust-lang/crates.io-index"
checksum = "c8fd6ab55f1ff5293c7dc9e0e65511cc6a1d0e2e625f2b3c32da83748ceb5f65"
dependencies = [
 "aliri_braid_impl",
]

[[package]]
name = "aliri_braid_impl"
version = "0.2.4"
source = "registry+https://github.com/rust-lang/crates.io-index"
checksum = "c0856c8aaba3fca9cc15c723e0cab5dd352cd236e9fedd96759e56874abef6cb"
dependencies = [
 "proc-macro2",
 "quote",
 "syn",
]

[[package]]
name = "cfg-if"
version = "1.0.0"
source = "registry+https://github.com/rust-lang/crates.io-index"
checksum = "baf1de4339761588bc0619e3cbc0120ee582ebb74b53b4efbf79117bd2da40fd"

[[package]]
name = "displaydoc"
version = "0.2.3"
source = "registry+https://github.com/rust-lang/crates.io-index"
checksum = "3bf95dc3f046b9da4f2d51833c0d3547d8564ef6910f5c1ed130306a75b92886"
dependencies = [
 "proc-macro2",
 "quote",
 "syn",
]

[[package]]
name = "itoa"
version = "1.0.3"
source = "registry+https://github.com/rust-lang/crates.io-index"
checksum = "6c8af84674fe1f223a982c933a0ee1086ac4d4052aa0fb8060c12c6ad838e754"

[[package]]
name = "libc"
version = "0.2.132"
source = "registry+https://github.com/rust-lang/crates.io-index"
checksum = "8371e4e5341c3a96db127eb2465ac681ced4c433e01dd0e938adbef26ba93ba5"

[[package]]
name = "num_threads"
version = "0.1.6"
source = "registry+https://github.com/rust-lang/crates.io-index"
checksum = "2819ce041d2ee131036f4fc9d6ae7ae125a3a40e97ba64d04fe799ad9dabbb44"
dependencies = [
 "libc",
]

[[package]]
name = "once_cell"
version = "1.13.1"
source = "registry+https://github.com/rust-lang/crates.io-index"
checksum = "074864da206b4973b84eb91683020dbefd6a8c3f0f38e054d93954e891935e4e"

[[package]]
name = "pin-project-lite"
version = "0.2.9"
source = "registry+https://github.com/rust-lang/crates.io-index"
checksum = "e0a7ae3ac2f1173085d398531c705756c94a4c56843785df85a60c1a0afac116"

[[package]]
name = "proc-macro2"
version = "1.0.43"
source = "registry+https://github.com/rust-lang/crates.io-index"
checksum = "0a2ca2c61bc9f3d74d2886294ab7b9853abd9c1ad903a3ac7815c58989bb7bab"
dependencies = [
 "unicode-ident",
]

[[package]]
name = "quote"
version = "1.0.21"
source = "registry+https://github.com/rust-lang/crates.io-index"
checksum = "bbe448f377a7d6961e30f5955f9b8d106c3f5e449d493ee1b125c1d43c2b5179"
dependencies = [
 "proc-macro2",
]

[[package]]
name = "serde"
version = "1.0.144"
source = "registry+https://github.com/rust-lang/crates.io-index"
checksum = "0f747710de3dcd43b88c9168773254e809d8ddbdf9653b84e2554ab219f17860"
dependencies = [
 "serde_derive",
]

[[package]]
name = "serde_derive"
version = "1.0.144"
source = "registry+https://github.com/rust-lang/crates.io-index"
checksum = "94ed3a816fb1d101812f83e789f888322c34e291f894f19590dc310963e87a00"
dependencies = [
 "proc-macro2",
 "quote",
 "syn",
]

[[package]]
name = "serde_repr"
version = "0.1.9"
source = "registry+https://github.com/rust-lang/crates.io-index"
checksum = "1fe39d9fbb0ebf5eb2c7cb7e2a47e4f462fad1379f1166b8ae49ad9eae89a7ca"
dependencies = [
 "proc-macro2",
 "quote",
 "syn",
]

[[package]]
name = "syn"
version = "1.0.99"
source = "registry+https://github.com/rust-lang/crates.io-index"
checksum = "58dbef6ec655055e20b86b15a8cc6d439cca19b667537ac6a1369572d151ab13"
dependencies = [
 "proc-macro2",
 "quote",
 "unicode-ident",
]

[[package]]
name = "thiserror"
version = "1.0.32"
source = "registry+https://github.com/rust-lang/crates.io-index"
checksum = "f5f6586b7f764adc0231f4c79be7b920e766bb2f3e51b3661cdb263828f19994"
dependencies = [
 "thiserror-impl",
]

[[package]]
name = "thiserror-impl"
version = "1.0.32"
source = "registry+https://github.com/rust-lang/crates.io-index"
checksum = "12bafc5b54507e0149cdf1b145a5d80ab80a90bcd9275df43d4fff68460f6c21"
dependencies = [
 "proc-macro2",
 "quote",
 "syn",
]

[[package]]
name = "time"
version = "0.3.14"
source = "registry+https://github.com/rust-lang/crates.io-index"
checksum = "3c3f9a28b618c3a6b9251b6908e9c99e04b9e5c02e6581ccbb67d59c34ef7f9b"
dependencies = [
 "itoa",
 "libc",
 "num_threads",
]

[[package]]
name = "tracing"
version = "0.1.36"
source = "registry+https://github.com/rust-lang/crates.io-index"
checksum = "2fce9567bd60a67d08a16488756721ba392f24f29006402881e43b19aac64307"
dependencies = [
 "cfg-if",
 "pin-project-lite",
 "tracing-attributes",
 "tracing-core",
]

[[package]]
name = "tracing-attributes"
version = "0.1.22"
source = "registry+https://github.com/rust-lang/crates.io-index"
checksum = "11c75893af559bc8e10716548bdef5cb2b983f8e637db9d0e15126b61b484ee2"
dependencies = [
 "proc-macro2",
 "quote",
 "syn",
]

[[package]]
name = "tracing-core"
version = "0.1.29"
source = "registry+https://github.com/rust-lang/crates.io-index"
checksum = "5aeea4303076558a00714b823f9ad67d58a3bbda1df83d8827d21193156e22f7"
dependencies = [
 "once_cell",
]

[[package]]
name = "twitch_types"
version = "0.2.0"
dependencies = [
 "aliri_braid",
 "displaydoc",
 "serde",
 "serde_derive",
 "serde_repr",
 "thiserror",
 "time",
 "tracing",
 "typed-builder",
]

[[package]]
name = "typed-builder"
version = "0.10.0"
source = "registry+https://github.com/rust-lang/crates.io-index"
checksum = "89851716b67b937e393b3daa8423e67ddfc4bbbf1654bcf05488e95e0828db0c"
dependencies = [
 "proc-macro2",
 "quote",
 "syn",
]

[[package]]
name = "unicode-ident"
version = "1.0.3"
source = "registry+https://github.com/rust-lang/crates.io-index"
checksum = "c4f5b37a154999a8f3f98cc23a628d850e154479cd94decf3414696e12e31aaf"
